
Microsoft Visual Studio Solution File, Format Version 12.00
# Visual Studio Version 17
VisualStudioVersion = 17.9.34728.123
MinimumVisualStudioVersion = 10.0.40219.1
Project("{9A19103F-16F7-4668-BE54-9A1E7A4F7556}") = "BrainWaste.BookVault.Console.App", "src\Console\BrainWaste.BookVault.Console.App\BrainWaste.BookVault.Console.App.csproj", "{5BA62080-3247-46B9-A168-0E7813FBE4D8}"
EndProject
Project("{9A19103F-16F7-4668-BE54-9A1E7A4F7556}") = "BrainWaste.BookVault.API", "src\API\BrainWaste.BookVault.API\BrainWaste.BookVault.API.csproj", "{59546A33-CBE0-41B6-8E3A-74E027E3CEB6}"
EndProject
Project("{FAE04EC0-301F-11D3-BF4B-00C04F79EFBC}") = "BrainWaste.BookVault.Maui", "src\Maui\BrainWaste.BookVault.Maui\BrainWaste.BookVault.Maui.csproj", "{941170C0-4C10-4BF9-8E5A-22A5DFE822F3}"
EndProject
Global
	GlobalSection(SolutionConfigurationPlatforms) = preSolution
		Debug|Any CPU = Debug|Any CPU
		Release|Any CPU = Release|Any CPU
	EndGlobalSection
	GlobalSection(ProjectConfigurationPlatforms) = postSolution
		{5BA62080-3247-46B9-A168-0E7813FBE4D8}.Debug|Any CPU.ActiveCfg = Debug|Any CPU
		{5BA62080-3247-46B9-A168-0E7813FBE4D8}.Debug|Any CPU.Build.0 = Debug|Any CPU
		{5BA62080-3247-46B9-A168-0E7813FBE4D8}.Release|Any CPU.ActiveCfg = Release|Any CPU
		{5BA62080-3247-46B9-A168-0E7813FBE4D8}.Release|Any CPU.Build.0 = Release|Any CPU
		{59546A33-CBE0-41B6-8E3A-74E027E3CEB6}.Debug|Any CPU.ActiveCfg = Debug|Any CPU
		{59546A33-CBE0-41B6-8E3A-74E027E3CEB6}.Debug|Any CPU.Build.0 = Debug|Any CPU
		{59546A33-CBE0-41B6-8E3A-74E027E3CEB6}.Release|Any CPU.ActiveCfg = Release|Any CPU
		{59546A33-CBE0-41B6-8E3A-74E027E3CEB6}.Release|Any CPU.Build.0 = Release|Any CPU
		{941170C0-4C10-4BF9-8E5A-22A5DFE822F3}.Debug|Any CPU.ActiveCfg = Debug|Any CPU
		{941170C0-4C10-4BF9-8E5A-22A5DFE822F3}.Debug|Any CPU.Build.0 = Debug|Any CPU
		{941170C0-4C10-4BF9-8E5A-22A5DFE822F3}.Debug|Any CPU.Deploy.0 = Debug|Any CPU
		{941170C0-4C10-4BF9-8E5A-22A5DFE822F3}.Release|Any CPU.ActiveCfg = Release|Any CPU
		{941170C0-4C10-4BF9-8E5A-22A5DFE822F3}.Release|Any CPU.Build.0 = Release|Any CPU
		{941170C0-4C10-4BF9-8E5A-22A5DFE822F3}.Release|Any CPU.Deploy.0 = Release|Any CPU
	EndGlobalSection
	GlobalSection(SolutionProperties) = preSolution
		HideSolutionNode = FALSE
	EndGlobalSection
	GlobalSection(ExtensibilityGlobals) = postSolution
		SolutionGuid = {FD9F4686-1395-4C63-A938-D0E88D11453B}
	EndGlobalSection
EndGlobal
